
Microsoft Visual Studio Solution File, Format Version 12.00
# Visual Studio Version 17
VisualStudioVersion = 17.6.33815.320
MinimumVisualStudioVersion = 10.0.40219.1
Project("{FAE04EC0-301F-11D3-BF4B-00C04F79EFBC}") = "Supervisório PCA 2.0", "Supervisório PCA 2.0.csproj", "{98B90A75-8CC4-461F-9AEE-6805C8712427}"
EndProject
Global
	GlobalSection(SolutionConfigurationPlatforms) = preSolution
		Debug|Any CPU = Debug|Any CPU
		Release|Any CPU = Release|Any CPU
	EndGlobalSection
	GlobalSection(ProjectConfigurationPlatforms) = postSolution
		{98B90A75-8CC4-461F-9AEE-6805C8712427}.Debug|Any CPU.ActiveCfg = Debug|Any CPU
		{98B90A75-8CC4-461F-9AEE-6805C8712427}.Debug|Any CPU.Build.0 = Debug|Any CPU
		{98B90A75-8CC4-461F-9AEE-6805C8712427}.Release|Any CPU.ActiveCfg = Release|Any CPU
		{98B90A75-8CC4-461F-9AEE-6805C8712427}.Release|Any CPU.Build.0 = Release|Any CPU
	EndGlobalSection
	GlobalSection(SolutionProperties) = preSolution
		HideSolutionNode = FALSE
	EndGlobalSection
	GlobalSection(ExtensibilityGlobals) = postSolution
		SolutionGuid = {75BFA3B6-C1D4-4A7E-A8B2-EDA907FE40A3}
	EndGlobalSection
EndGlobal
